
Microsoft Visual Studio Solution File, Format Version 12.00
# Visual Studio Version 17
VisualStudioVersion = 17.0.31903.59
MinimumVisualStudioVersion = 10.0.40219.1
Project("{2150E333-8FDC-42A3-9474-1A3956D46DE8}") = "Core", "Core", "{FBF56CC3-7AE6-AD2D-3F14-7F97FD322CD6}"
EndProject
Project("{FAE04EC0-301F-11D3-BF4B-00C04F79EFBC}") = "Umbraco.AI.Persistence.Sqlite", "Umbraco.AI\src\Umbraco.AI.Persistence.Sqlite\Umbraco.AI.Persistence.Sqlite.csproj", "{49DD2C54-24BC-482E-8911-9E00092D4C73}"
EndProject
Project("{FAE04EC0-301F-11D3-BF4B-00C04F79EFBC}") = "Umbraco.AI.Persistence", "Umbraco.AI\src\Umbraco.AI.Persistence\Umbraco.AI.Persistence.csproj", "{5F5FC3BB-8B26-4872-8666-143860563EC1}"
EndProject
Project("{FAE04EC0-301F-11D3-BF4B-00C04F79EFBC}") = "Umbraco.AI.Core", "Umbraco.AI\src\Umbraco.AI.Core\Umbraco.AI.Core.csproj", "{0491E8A4-0FD5-424D-848A-B5D51408DAD0}"
EndProject
Project("{FAE04EC0-301F-11D3-BF4B-00C04F79EFBC}") = "Umbraco.AI.Startup", "Umbraco.AI\src\Umbraco.AI.Startup\Umbraco.AI.Startup.csproj", "{C570A311-F100-498C-8A4C-7B5340A1A333}"
EndProject
Project("{FAE04EC0-301F-11D3-BF4B-00C04F79EFBC}") = "Umbraco.AI.Persistence.SqlServer", "Umbraco.AI\src\Umbraco.AI.Persistence.SqlServer\Umbraco.AI.Persistence.SqlServer.csproj", "{A1C25D6C-7468-44E9-B18C-CBAFEE79AB55}"
EndProject
Project("{FAE04EC0-301F-11D3-BF4B-00C04F79EFBC}") = "Umbraco.AI.Web", "Umbraco.AI\src\Umbraco.AI.Web\Umbraco.AI.Web.csproj", "{E2F82DC6-B1C7-43FB-9829-DD1F31BCDC9B}"
EndProject
Project("{FAE04EC0-301F-11D3-BF4B-00C04F79EFBC}") = "Umbraco.AI", "Umbraco.AI\src\Umbraco.AI\Umbraco.AI.csproj", "{2C5C1E0C-8522-4F10-9785-94D274D4D530}"
EndProject
Project("{FAE04EC0-301F-11D3-BF4B-00C04F79EFBC}") = "Umbraco.AI.Web.StaticAssets", "Umbraco.AI\src\Umbraco.AI.Web.StaticAssets\Umbraco.AI.Web.StaticAssets.csproj", "{33E9035F-6928-474E-AD5A-3089AAF75A6F}"
EndProject
Project("{2150E333-8FDC-42A3-9474-1A3956D46DE8}") = "OpenAI", "OpenAI", "{B0996F39-FFF0-BAE3-2C76-1D4AE77C7BAA}"
EndProject
Project("{FAE04EC0-301F-11D3-BF4B-00C04F79EFBC}") = "Umbraco.AI.OpenAI", "Umbraco.AI.OpenAI\src\Umbraco.AI.OpenAI\Umbraco.AI.OpenAI.csproj", "{A6C45917-8DD6-4C66-81C9-C75DB5450342}"
EndProject
Project("{2150E333-8FDC-42A3-9474-1A3956D46DE8}") = "Prompt", "Prompt", "{0ACD37A2-5DF0-8AEB-D5B0-21B3A2775CAB}"
EndProject
Project("{FAE04EC0-301F-11D3-BF4B-00C04F79EFBC}") = "Umbraco.AI.Prompt.Startup", "Umbraco.AI.Prompt\src\Umbraco.AI.Prompt.Startup\Umbraco.AI.Prompt.Startup.csproj", "{FABD1330-45D6-4FFE-8C5E-5447C17AB8A7}"
EndProject
Project("{FAE04EC0-301F-11D3-BF4B-00C04F79EFBC}") = "Umbraco.AI.Prompt.Core", "Umbraco.AI.Prompt\src\Umbraco.AI.Prompt.Core\Umbraco.AI.Prompt.Core.csproj", "{AA70CC4C-5418-4874-9892-9D298FD03914}"
EndProject
Project("{FAE04EC0-301F-11D3-BF4B-00C04F79EFBC}") = "Umbraco.AI.Prompt.Persistence", "Umbraco.AI.Prompt\src\Umbraco.AI.Prompt.Persistence\Umbraco.AI.Prompt.Persistence.csproj", "{4C347A9B-59BF-43F1-90A1-352C0C58DAC5}"
EndProject
Project("{FAE04EC0-301F-11D3-BF4B-00C04F79EFBC}") = "Umbraco.AI.Prompt.Persistence.SqlServer", "Umbraco.AI.Prompt\src\Umbraco.AI.Prompt.Persistence.SqlServer\Umbraco.AI.Prompt.Persistence.SqlServer.csproj", "{8B56D228-17C0-49A5-A831-870EDED4F5E1}"
EndProject
Project("{FAE04EC0-301F-11D3-BF4B-00C04F79EFBC}") = "Umbraco.AI.Prompt.Persistence.Sqlite", "Umbraco.AI.Prompt\src\Umbraco.AI.Prompt.Persistence.Sqlite\Umbraco.AI.Prompt.Persistence.Sqlite.csproj", "{F3ECB48F-3FD6-406C-903E-DE0F6B95BA75}"
EndProject
Project("{FAE04EC0-301F-11D3-BF4B-00C04F79EFBC}") = "Umbraco.AI.Prompt.Web", "Umbraco.AI.Prompt\src\Umbraco.AI.Prompt.Web\Umbraco.AI.Prompt.Web.csproj", "{5B65DCFE-00B7-4398-A270-7F7BEC300E90}"
EndProject
Project("{FAE04EC0-301F-11D3-BF4B-00C04F79EFBC}") = "Umbraco.AI.Prompt.Web.StaticAssets", "Umbraco.AI.Prompt\src\Umbraco.AI.Prompt.Web.StaticAssets\Umbraco.AI.Prompt.Web.StaticAssets.csproj", "{F21ECDFD-4B7E-4DB7-80F2-F7E91E9E5275}"
EndProject
Project("{FAE04EC0-301F-11D3-BF4B-00C04F79EFBC}") = "Umbraco.AI.Prompt", "Umbraco.AI.Prompt\src\Umbraco.AI.Prompt\Umbraco.AI.Prompt.csproj", "{6F05D489-231B-4E39-80B9-44ECDD37FCE5}"
EndProject
Project("{2150E333-8FDC-42A3-9474-1A3956D46DE8}") = "Agent", "Agent", "{A0596E84-2522-6F31-0F43-77167BFA80D0}"
EndProject
Project("{FAE04EC0-301F-11D3-BF4B-00C04F79EFBC}") = "Umbraco.AI.Agent.Core", "Umbraco.AI.Agent\src\Umbraco.AI.Agent.Core\Umbraco.AI.Agent.Core.csproj", "{D5BB3F43-F7FC-409E-BEB8-23F0A8670B14}"
EndProject
Project("{FAE04EC0-301F-11D3-BF4B-00C04F79EFBC}") = "Umbraco.AI.AGUI", "Umbraco.AI.Agent\src\Umbraco.AI.AGUI\Umbraco.AI.AGUI.csproj", "{850DEE8A-475F-480F-B3AC-348CFAA41971}"
EndProject
Project("{FAE04EC0-301F-11D3-BF4B-00C04F79EFBC}") = "Umbraco.AI.Agent.Startup", "Umbraco.AI.Agent\src\Umbraco.AI.Agent.Startup\Umbraco.AI.Agent.Startup.csproj", "{065F3865-41D6-44CF-BD01-5519764BC8B0}"
EndProject
Project("{FAE04EC0-301F-11D3-BF4B-00C04F79EFBC}") = "Umbraco.AI.Agent.Persistence", "Umbraco.AI.Agent\src\Umbraco.AI.Agent.Persistence\Umbraco.AI.Agent.Persistence.csproj", "{1EE46A5D-C12C-4C5F-BC09-4734CC53188E}"
EndProject
Project("{FAE04EC0-301F-11D3-BF4B-00C04F79EFBC}") = "Umbraco.AI.Agent.Persistence.SqlServer", "Umbraco.AI.Agent\src\Umbraco.AI.Agent.Persistence.SqlServer\Umbraco.AI.Agent.Persistence.SqlServer.csproj", "{E0F4C69E-0B79-4086-AF42-526C3A90F922}"
EndProject
Project("{FAE04EC0-301F-11D3-BF4B-00C04F79EFBC}") = "Umbraco.AI.Agent.Persistence.Sqlite", "Umbraco.AI.Agent\src\Umbraco.AI.Agent.Persistence.Sqlite\Umbraco.AI.Agent.Persistence.Sqlite.csproj", "{6D555154-4D17-41C6-A58D-7221F716EE11}"
EndProject
Project("{FAE04EC0-301F-11D3-BF4B-00C04F79EFBC}") = "Umbraco.AI.Agent.Web", "Umbraco.AI.Agent\src\Umbraco.AI.Agent.Web\Umbraco.AI.Agent.Web.csproj", "{245156CC-3CCF-414E-938C-A7E0DCA095AE}"
EndProject
Project("{FAE04EC0-301F-11D3-BF4B-00C04F79EFBC}") = "Umbraco.AI.Agent.Web.StaticAssets", "Umbraco.AI.Agent\src\Umbraco.AI.Agent.Web.StaticAssets\Umbraco.AI.Agent.Web.StaticAssets.csproj", "{77B2E8B3-2E14-42D0-9FCB-3C1A194A0D7E}"
EndProject
Project("{FAE04EC0-301F-11D3-BF4B-00C04F79EFBC}") = "Umbraco.AI.Agent", "Umbraco.AI.Agent\src\Umbraco.AI.Agent\Umbraco.AI.Agent.csproj", "{FA83FA56-4391-4443-AC6F-B3CB608D7A27}"
EndProject
Project("{2150E333-8FDC-42A3-9474-1A3956D46DE8}") = "AgentUI", "AgentUI", "{C90F6EDE-2A0B-00BD-1BBA-6A60B5D53AFE}"
EndProject
Project("{FAE04EC0-301F-11D3-BF4B-00C04F79EFBC}") = "Umbraco.AI.Agent.UI", "Umbraco.AI.Agent.UI\src\Umbraco.AI.Agent.UI\Umbraco.AI.Agent.UI.csproj", "{9409CE54-C838-4827-B2F9-DBEB738F7B8B}"
EndProject
Project("{2150E333-8FDC-42A3-9474-1A3956D46DE8}") = "AgentCopilot", "AgentCopilot", "{4AB141FB-BD8F-6214-233C-076893131197}"
EndProject
Project("{FAE04EC0-301F-11D3-BF4B-00C04F79EFBC}") = "Umbraco.AI.Agent.Copilot", "Umbraco.AI.Agent.Copilot\src\Umbraco.AI.Agent.Copilot\Umbraco.AI.Agent.Copilot.csproj", "{5EAA3137-FA4F-4B29-A77D-2CD31C218D7F}"
EndProject
Project("{2150E333-8FDC-42A3-9474-1A3956D46DE8}") = "Anthropic", "Anthropic", "{EC5FB17F-0D88-F340-4CE5-0D559A6DFF9C}"
EndProject
Project("{FAE04EC0-301F-11D3-BF4B-00C04F79EFBC}") = "Umbraco.AI.Anthropic", "Umbraco.AI.Anthropic\src\Umbraco.AI.Anthropic\Umbraco.AI.Anthropic.csproj", "{16C499AE-0512-4E36-9333-FED8A15476B1}"
EndProject
Project("{2150E333-8FDC-42A3-9474-1A3956D46DE8}") = "MicrosoftFoundry", "MicrosoftFoundry", "{F6EE535E-C2C8-3085-0E1D-506595A2B989}"
EndProject
Project("{FAE04EC0-301F-11D3-BF4B-00C04F79EFBC}") = "Umbraco.AI.MicrosoftFoundry", "Umbraco.AI.MicrosoftFoundry\src\Umbraco.AI.MicrosoftFoundry\Umbraco.AI.MicrosoftFoundry.csproj", "{23DE429E-FA2F-439E-B5FB-A8CCCD26EB23}"
EndProject
Project("{2150E333-8FDC-42A3-9474-1A3956D46DE8}") = "Google", "Google", "{6396DD8B-E9E5-FBDE-ADC8-0EA7112A141A}"
EndProject
Project("{FAE04EC0-301F-11D3-BF4B-00C04F79EFBC}") = "Umbraco.AI.Google", "Umbraco.AI.Google\src\Umbraco.AI.Google\Umbraco.AI.Google.csproj", "{32AF6C91-47FC-459C-A0EA-ED9BBAFA2B6C}"
EndProject
Project("{2150E333-8FDC-42A3-9474-1A3956D46DE8}") = "Amazon", "Amazon", "{ABDCA76E-9A56-94C8-CB8E-2243BAFEC3F8}"
EndProject
Project("{FAE04EC0-301F-11D3-BF4B-00C04F79EFBC}") = "Umbraco.AI.Amazon", "Umbraco.AI.Amazon\src\Umbraco.AI.Amazon\Umbraco.AI.Amazon.csproj", "{43C6C64F-0044-4341-9719-7F2EED337284}"
EndProject
Project("{2150E333-8FDC-42A3-9474-1A3956D46DE8}") = "Demo", "Demo", "{A39C23D2-F2C0-258D-165A-CF1E7FEE6E7B}"
EndProject
Project("{FAE04EC0-301F-11D3-BF4B-00C04F79EFBC}") = "Umbraco.AI.DemoSite", "demo\Umbraco.AI.DemoSite\Umbraco.AI.DemoSite.csproj", "{C2F7154A-8897-4DA7-8B7A-42932EA681F8}"
EndProject
Global
	GlobalSection(SolutionConfigurationPlatforms) = preSolution
		Debug|Any CPU = Debug|Any CPU
		Debug|x64 = Debug|x64
		Debug|x86 = Debug|x86
		Release|Any CPU = Release|Any CPU
		Release|x64 = Release|x64
		Release|x86 = Release|x86
	EndGlobalSection
	GlobalSection(ProjectConfigurationPlatforms) = postSolution
		{49DD2C54-24BC-482E-8911-9E00092D4C73}.Debug|Any CPU.ActiveCfg = Debug|Any CPU
		{49DD2C54-24BC-482E-8911-9E00092D4C73}.Debug|Any CPU.Build.0 = Debug|Any CPU
		{49DD2C54-24BC-482E-8911-9E00092D4C73}.Debug|x64.ActiveCfg = Debug|Any CPU
		{49DD2C54-24BC-482E-8911-9E00092D4C73}.Debug|x64.Build.0 = Debug|Any CPU
		{49DD2C54-24BC-482E-8911-9E00092D4C73}.Debug|x86.ActiveCfg = Debug|Any CPU
		{49DD2C54-24BC-482E-8911-9E00092D4C73}.Debug|x86.Build.0 = Debug|Any CPU
		{49DD2C54-24BC-482E-8911-9E00092D4C73}.Release|Any CPU.ActiveCfg = Release|Any CPU
		{49DD2C54-24BC-482E-8911-9E00092D4C73}.Release|Any CPU.Build.0 = Release|Any CPU
		{49DD2C54-24BC-482E-8911-9E00092D4C73}.Release|x64.ActiveCfg = Release|Any CPU
		{49DD2C54-24BC-482E-8911-9E00092D4C73}.Release|x64.Build.0 = Release|Any CPU
		{49DD2C54-24BC-482E-8911-9E00092D4C73}.Release|x86.ActiveCfg = Release|Any CPU
		{49DD2C54-24BC-482E-8911-9E00092D4C73}.Release|x86.Build.0 = Release|Any CPU
		{5F5FC3BB-8B26-4872-8666-143860563EC1}.Debug|Any CPU.ActiveCfg = Debug|Any CPU
		{5F5FC3BB-8B26-4872-8666-143860563EC1}.Debug|Any CPU.Build.0 = Debug|Any CPU
		{5F5FC3BB-8B26-4872-8666-143860563EC1}.Debug|x64.ActiveCfg = Debug|Any CPU
		{5F5FC3BB-8B26-4872-8666-143860563EC1}.Debug|x64.Build.0 = Debug|Any CPU
		{5F5FC3BB-8B26-4872-8666-143860563EC1}.Debug|x86.ActiveCfg = Debug|Any CPU
		{5F5FC3BB-8B26-4872-8666-143860563EC1}.Debug|x86.Build.0 = Debug|Any CPU
		{5F5FC3BB-8B26-4872-8666-143860563EC1}.Release|Any CPU.ActiveCfg = Release|Any CPU
		{5F5FC3BB-8B26-4872-8666-143860563EC1}.Release|Any CPU.Build.0 = Release|Any CPU
		{5F5FC3BB-8B26-4872-8666-143860563EC1}.Release|x64.ActiveCfg = Release|Any CPU
		{5F5FC3BB-8B26-4872-8666-143860563EC1}.Release|x64.Build.0 = Release|Any CPU
		{5F5FC3BB-8B26-4872-8666-143860563EC1}.Release|x86.ActiveCfg = Release|Any CPU
		{5F5FC3BB-8B26-4872-8666-143860563EC1}.Release|x86.Build.0 = Release|Any CPU
		{0491E8A4-0FD5-424D-848A-B5D51408DAD0}.Debug|Any CPU.ActiveCfg = Debug|Any CPU
		{0491E8A4-0FD5-424D-848A-B5D51408DAD0}.Debug|Any CPU.Build.0 = Debug|Any CPU
		{0491E8A4-0FD5-424D-848A-B5D51408DAD0}.Debug|x64.ActiveCfg = Debug|Any CPU
		{0491E8A4-0FD5-424D-848A-B5D51408DAD0}.Debug|x64.Build.0 = Debug|Any CPU
		{0491E8A4-0FD5-424D-848A-B5D51408DAD0}.Debug|x86.ActiveCfg = Debug|Any CPU
		{0491E8A4-0FD5-424D-848A-B5D51408DAD0}.Debug|x86.Build.0 = Debug|Any CPU
		{0491E8A4-0FD5-424D-848A-B5D51408DAD0}.Release|Any CPU.ActiveCfg = Release|Any CPU
		{0491E8A4-0FD5-424D-848A-B5D51408DAD0}.Release|Any CPU.Build.0 = Release|Any CPU
		{0491E8A4-0FD5-424D-848A-B5D51408DAD0}.Release|x64.ActiveCfg = Release|Any CPU
		{0491E8A4-0FD5-424D-848A-B5D51408DAD0}.Release|x64.Build.0 = Release|Any CPU
		{0491E8A4-0FD5-424D-848A-B5D51408DAD0}.Release|x86.ActiveCfg = Release|Any CPU
		{0491E8A4-0FD5-424D-848A-B5D51408DAD0}.Release|x86.Build.0 = Release|Any CPU
		{C570A311-F100-498C-8A4C-7B5340A1A333}.Debug|Any CPU.ActiveCfg = Debug|Any CPU
		{C570A311-F100-498C-8A4C-7B5340A1A333}.Debug|Any CPU.Build.0 = Debug|Any CPU
		{C570A311-F100-498C-8A4C-7B5340A1A333}.Debug|x64.ActiveCfg = Debug|Any CPU
		{C570A311-F100-498C-8A4C-7B5340A1A333}.Debug|x64.Build.0 = Debug|Any CPU
		{C570A311-F100-498C-8A4C-7B5340A1A333}.Debug|x86.ActiveCfg = Debug|Any CPU
		{C570A311-F100-498C-8A4C-7B5340A1A333}.Debug|x86.Build.0 = Debug|Any CPU
		{C570A311-F100-498C-8A4C-7B5340A1A333}.Release|Any CPU.ActiveCfg = Release|Any CPU
		{C570A311-F100-498C-8A4C-7B5340A1A333}.Release|Any CPU.Build.0 = Release|Any CPU
		{C570A311-F100-498C-8A4C-7B5340A1A333}.Release|x64.ActiveCfg = Release|Any CPU
		{C570A311-F100-498C-8A4C-7B5340A1A333}.Release|x64.Build.0 = Release|Any CPU
		{C570A311-F100-498C-8A4C-7B5340A1A333}.Release|x86.ActiveCfg = Release|Any CPU
		{C570A311-F100-498C-8A4C-7B5340A1A333}.Release|x86.Build.0 = Release|Any CPU
		{A1C25D6C-7468-44E9-B18C-CBAFEE79AB55}.Debug|Any CPU.ActiveCfg = Debug|Any CPU
		{A1C25D6C-7468-44E9-B18C-CBAFEE79AB55}.Debug|Any CPU.Build.0 = Debug|Any CPU
		{A1C25D6C-7468-44E9-B18C-CBAFEE79AB55}.Debug|x64.ActiveCfg = Debug|Any CPU
		{A1C25D6C-7468-44E9-B18C-CBAFEE79AB55}.Debug|x64.Build.0 = Debug|Any CPU
		{A1C25D6C-7468-44E9-B18C-CBAFEE79AB55}.Debug|x86.ActiveCfg = Debug|Any CPU
		{A1C25D6C-7468-44E9-B18C-CBAFEE79AB55}.Debug|x86.Build.0 = Debug|Any CPU
		{A1C25D6C-7468-44E9-B18C-CBAFEE79AB55}.Release|Any CPU.ActiveCfg = Release|Any CPU
		{A1C25D6C-7468-44E9-B18C-CBAFEE79AB55}.Release|Any CPU.Build.0 = Release|Any CPU
		{A1C25D6C-7468-44E9-B18C-CBAFEE79AB55}.Release|x64.ActiveCfg = Release|Any CPU
		{A1C25D6C-7468-44E9-B18C-CBAFEE79AB55}.Release|x64.Build.0 = Release|Any CPU
		{A1C25D6C-7468-44E9-B18C-CBAFEE79AB55}.Release|x86.ActiveCfg = Release|Any CPU
		{A1C25D6C-7468-44E9-B18C-CBAFEE79AB55}.Release|x86.Build.0 = Release|Any CPU
		{E2F82DC6-B1C7-43FB-9829-DD1F31BCDC9B}.Debug|Any CPU.ActiveCfg = Debug|Any CPU
		{E2F82DC6-B1C7-43FB-9829-DD1F31BCDC9B}.Debug|Any CPU.Build.0 = Debug|Any CPU
		{E2F82DC6-B1C7-43FB-9829-DD1F31BCDC9B}.Debug|x64.ActiveCfg = Debug|Any CPU
		{E2F82DC6-B1C7-43FB-9829-DD1F31BCDC9B}.Debug|x64.Build.0 = Debug|Any CPU
		{E2F82DC6-B1C7-43FB-9829-DD1F31BCDC9B}.Debug|x86.ActiveCfg = Debug|Any CPU
		{E2F82DC6-B1C7-43FB-9829-DD1F31BCDC9B}.Debug|x86.Build.0 = Debug|Any CPU
		{E2F82DC6-B1C7-43FB-9829-DD1F31BCDC9B}.Release|Any CPU.ActiveCfg = Release|Any CPU
		{E2F82DC6-B1C7-43FB-9829-DD1F31BCDC9B}.Release|Any CPU.Build.0 = Release|Any CPU
		{E2F82DC6-B1C7-43FB-9829-DD1F31BCDC9B}.Release|x64.ActiveCfg = Release|Any CPU
		{E2F82DC6-B1C7-43FB-9829-DD1F31BCDC9B}.Release|x64.Build.0 = Release|Any CPU
		{E2F82DC6-B1C7-43FB-9829-DD1F31BCDC9B}.Release|x86.ActiveCfg = Release|Any CPU
		{E2F82DC6-B1C7-43FB-9829-DD1F31BCDC9B}.Release|x86.Build.0 = Release|Any CPU
		{2C5C1E0C-8522-4F10-9785-94D274D4D530}.Debug|Any CPU.ActiveCfg = Debug|Any CPU
		{2C5C1E0C-8522-4F10-9785-94D274D4D530}.Debug|Any CPU.Build.0 = Debug|Any CPU
		{2C5C1E0C-8522-4F10-9785-94D274D4D530}.Debug|x64.ActiveCfg = Debug|Any CPU
		{2C5C1E0C-8522-4F10-9785-94D274D4D530}.Debug|x64.Build.0 = Debug|Any CPU
		{2C5C1E0C-8522-4F10-9785-94D274D4D530}.Debug|x86.ActiveCfg = Debug|Any CPU
		{2C5C1E0C-8522-4F10-9785-94D274D4D530}.Debug|x86.Build.0 = Debug|Any CPU
		{2C5C1E0C-8522-4F10-9785-94D274D4D530}.Release|Any CPU.ActiveCfg = Release|Any CPU
		{2C5C1E0C-8522-4F10-9785-94D274D4D530}.Release|Any CPU.Build.0 = Release|Any CPU
		{2C5C1E0C-8522-4F10-9785-94D274D4D530}.Release|x64.ActiveCfg = Release|Any CPU
		{2C5C1E0C-8522-4F10-9785-94D274D4D530}.Release|x64.Build.0 = Release|Any CPU
		{2C5C1E0C-8522-4F10-9785-94D274D4D530}.Release|x86.ActiveCfg = Release|Any CPU
		{2C5C1E0C-8522-4F10-9785-94D274D4D530}.Release|x86.Build.0 = Release|Any CPU
		{33E9035F-6928-474E-AD5A-3089AAF75A6F}.Debug|Any CPU.ActiveCfg = Debug|Any CPU
		{33E9035F-6928-474E-AD5A-3089AAF75A6F}.Debug|Any CPU.Build.0 = Debug|Any CPU
		{33E9035F-6928-474E-AD5A-3089AAF75A6F}.Debug|x64.ActiveCfg = Debug|Any CPU
		{33E9035F-6928-474E-AD5A-3089AAF75A6F}.Debug|x64.Build.0 = Debug|Any CPU
		{33E9035F-6928-474E-AD5A-3089AAF75A6F}.Debug|x86.ActiveCfg = Debug|Any CPU
		{33E9035F-6928-474E-AD5A-3089AAF75A6F}.Debug|x86.Build.0 = Debug|Any CPU
		{33E9035F-6928-474E-AD5A-3089AAF75A6F}.Release|Any CPU.ActiveCfg = Release|Any CPU
		{33E9035F-6928-474E-AD5A-3089AAF75A6F}.Release|Any CPU.Build.0 = Release|Any CPU
		{33E9035F-6928-474E-AD5A-3089AAF75A6F}.Release|x64.ActiveCfg = Release|Any CPU
		{33E9035F-6928-474E-AD5A-3089AAF75A6F}.Release|x64.Build.0 = Release|Any CPU
		{33E9035F-6928-474E-AD5A-3089AAF75A6F}.Release|x86.ActiveCfg = Release|Any CPU
		{33E9035F-6928-474E-AD5A-3089AAF75A6F}.Release|x86.Build.0 = Release|Any CPU
		{A6C45917-8DD6-4C66-81C9-C75DB5450342}.Debug|Any CPU.ActiveCfg = Debug|Any CPU
		{A6C45917-8DD6-4C66-81C9-C75DB5450342}.Debug|Any CPU.Build.0 = Debug|Any CPU
		{A6C45917-8DD6-4C66-81C9-C75DB5450342}.Debug|x64.ActiveCfg = Debug|Any CPU
		{A6C45917-8DD6-4C66-81C9-C75DB5450342}.Debug|x64.Build.0 = Debug|Any CPU
		{A6C45917-8DD6-4C66-81C9-C75DB5450342}.Debug|x86.ActiveCfg = Debug|Any CPU
		{A6C45917-8DD6-4C66-81C9-C75DB5450342}.Debug|x86.Build.0 = Debug|Any CPU
		{A6C45917-8DD6-4C66-81C9-C75DB5450342}.Release|Any CPU.ActiveCfg = Release|Any CPU
		{A6C45917-8DD6-4C66-81C9-C75DB5450342}.Release|Any CPU.Build.0 = Release|Any CPU
		{A6C45917-8DD6-4C66-81C9-C75DB5450342}.Release|x64.ActiveCfg = Release|Any CPU
		{A6C45917-8DD6-4C66-81C9-C75DB5450342}.Release|x64.Build.0 = Release|Any CPU
		{A6C45917-8DD6-4C66-81C9-C75DB5450342}.Release|x86.ActiveCfg = Release|Any CPU
		{A6C45917-8DD6-4C66-81C9-C75DB5450342}.Release|x86.Build.0 = Release|Any CPU
		{FABD1330-45D6-4FFE-8C5E-5447C17AB8A7}.Debug|Any CPU.ActiveCfg = Debug|Any CPU
		{FABD1330-45D6-4FFE-8C5E-5447C17AB8A7}.Debug|Any CPU.Build.0 = Debug|Any CPU
		{FABD1330-45D6-4FFE-8C5E-5447C17AB8A7}.Debug|x64.ActiveCfg = Debug|Any CPU
		{FABD1330-45D6-4FFE-8C5E-5447C17AB8A7}.Debug|x64.Build.0 = Debug|Any CPU
		{FABD1330-45D6-4FFE-8C5E-5447C17AB8A7}.Debug|x86.ActiveCfg = Debug|Any CPU
		{FABD1330-45D6-4FFE-8C5E-5447C17AB8A7}.Debug|x86.Build.0 = Debug|Any CPU
		{FABD1330-45D6-4FFE-8C5E-5447C17AB8A7}.Release|Any CPU.ActiveCfg = Release|Any CPU
		{FABD1330-45D6-4FFE-8C5E-5447C17AB8A7}.Release|Any CPU.Build.0 = Release|Any CPU
		{FABD1330-45D6-4FFE-8C5E-5447C17AB8A7}.Release|x64.ActiveCfg = Release|Any CPU
		{FABD1330-45D6-4FFE-8C5E-5447C17AB8A7}.Release|x64.Build.0 = Release|Any CPU
		{FABD1330-45D6-4FFE-8C5E-5447C17AB8A7}.Release|x86.ActiveCfg = Release|Any CPU
		{FABD1330-45D6-4FFE-8C5E-5447C17AB8A7}.Release|x86.Build.0 = Release|Any CPU
		{AA70CC4C-5418-4874-9892-9D298FD03914}.Debug|Any CPU.ActiveCfg = Debug|Any CPU
		{AA70CC4C-5418-4874-9892-9D298FD03914}.Debug|Any CPU.Build.0 = Debug|Any CPU
		{AA70CC4C-5418-4874-9892-9D298FD03914}.Debug|x64.ActiveCfg = Debug|Any CPU
		{AA70CC4C-5418-4874-9892-9D298FD03914}.Debug|x64.Build.0 = Debug|Any CPU
		{AA70CC4C-5418-4874-9892-9D298FD03914}.Debug|x86.ActiveCfg = Debug|Any CPU
		{AA70CC4C-5418-4874-9892-9D298FD03914}.Debug|x86.Build.0 = Debug|Any CPU
		{AA70CC4C-5418-4874-9892-9D298FD03914}.Release|Any CPU.ActiveCfg = Release|Any CPU
		{AA70CC4C-5418-4874-9892-9D298FD03914}.Release|Any CPU.Build.0 = Release|Any CPU
		{AA70CC4C-5418-4874-9892-9D298FD03914}.Release|x64.ActiveCfg = Release|Any CPU
		{AA70CC4C-5418-4874-9892-9D298FD03914}.Release|x64.Build.0 = Release|Any CPU
		{AA70CC4C-5418-4874-9892-9D298FD03914}.Release|x86.ActiveCfg = Release|Any CPU
		{AA70CC4C-5418-4874-9892-9D298FD03914}.Release|x86.Build.0 = Release|Any CPU
		{4C347A9B-59BF-43F1-90A1-352C0C58DAC5}.Debug|Any CPU.ActiveCfg = Debug|Any CPU
		{4C347A9B-59BF-43F1-90A1-352C0C58DAC5}.Debug|Any CPU.Build.0 = Debug|Any CPU
		{4C347A9B-59BF-43F1-90A1-352C0C58DAC5}.Debug|x64.ActiveCfg = Debug|Any CPU
		{4C347A9B-59BF-43F1-90A1-352C0C58DAC5}.Debug|x64.Build.0 = Debug|Any CPU
		{4C347A9B-59BF-43F1-90A1-352C0C58DAC5}.Debug|x86.ActiveCfg = Debug|Any CPU
		{4C347A9B-59BF-43F1-90A1-352C0C58DAC5}.Debug|x86.Build.0 = Debug|Any CPU
		{4C347A9B-59BF-43F1-90A1-352C0C58DAC5}.Release|Any CPU.ActiveCfg = Release|Any CPU
		{4C347A9B-59BF-43F1-90A1-352C0C58DAC5}.Release|Any CPU.Build.0 = Release|Any CPU
		{4C347A9B-59BF-43F1-90A1-352C0C58DAC5}.Release|x64.ActiveCfg = Release|Any CPU
		{4C347A9B-59BF-43F1-90A1-352C0C58DAC5}.Release|x64.Build.0 = Release|Any CPU
		{4C347A9B-59BF-43F1-90A1-352C0C58DAC5}.Release|x86.ActiveCfg = Release|Any CPU
		{4C347A9B-59BF-43F1-90A1-352C0C58DAC5}.Release|x86.Build.0 = Release|Any CPU
		{8B56D228-17C0-49A5-A831-870EDED4F5E1}.Debug|Any CPU.ActiveCfg = Debug|Any CPU
		{8B56D228-17C0-49A5-A831-870EDED4F5E1}.Debug|Any CPU.Build.0 = Debug|Any CPU
		{8B56D228-17C0-49A5-A831-870EDED4F5E1}.Debug|x64.ActiveCfg = Debug|Any CPU
		{8B56D228-17C0-49A5-A831-870EDED4F5E1}.Debug|x64.Build.0 = Debug|Any CPU
		{8B56D228-17C0-49A5-A831-870EDED4F5E1}.Debug|x86.ActiveCfg = Debug|Any CPU
		{8B56D228-17C0-49A5-A831-870EDED4F5E1}.Debug|x86.Build.0 = Debug|Any CPU
		{8B56D228-17C0-49A5-A831-870EDED4F5E1}.Release|Any CPU.ActiveCfg = Release|Any CPU
		{8B56D228-17C0-49A5-A831-870EDED4F5E1}.Release|Any CPU.Build.0 = Release|Any CPU
		{8B56D228-17C0-49A5-A831-870EDED4F5E1}.Release|x64.ActiveCfg = Release|Any CPU
		{8B56D228-17C0-49A5-A831-870EDED4F5E1}.Release|x64.Build.0 = Release|Any CPU
		{8B56D228-17C0-49A5-A831-870EDED4F5E1}.Release|x86.ActiveCfg = Release|Any CPU
		{8B56D228-17C0-49A5-A831-870EDED4F5E1}.Release|x86.Build.0 = Release|Any CPU
		{F3ECB48F-3FD6-406C-903E-DE0F6B95BA75}.Debug|Any CPU.ActiveCfg = Debug|Any CPU
		{F3ECB48F-3FD6-406C-903E-DE0F6B95BA75}.Debug|Any CPU.Build.0 = Debug|Any CPU
		{F3ECB48F-3FD6-406C-903E-DE0F6B95BA75}.Debug|x64.ActiveCfg = Debug|Any CPU
		{F3ECB48F-3FD6-406C-903E-DE0F6B95BA75}.Debug|x64.Build.0 = Debug|Any CPU
		{F3ECB48F-3FD6-406C-903E-DE0F6B95BA75}.Debug|x86.ActiveCfg = Debug|Any CPU
		{F3ECB48F-3FD6-406C-903E-DE0F6B95BA75}.Debug|x86.Build.0 = Debug|Any CPU
		{F3ECB48F-3FD6-406C-903E-DE0F6B95BA75}.Release|Any CPU.ActiveCfg = Release|Any CPU
		{F3ECB48F-3FD6-406C-903E-DE0F6B95BA75}.Release|Any CPU.Build.0 = Release|Any CPU
		{F3ECB48F-3FD6-406C-903E-DE0F6B95BA75}.Release|x64.ActiveCfg = Release|Any CPU
		{F3ECB48F-3FD6-406C-903E-DE0F6B95BA75}.Release|x64.Build.0 = Release|Any CPU
		{F3ECB48F-3FD6-406C-903E-DE0F6B95BA75}.Release|x86.ActiveCfg = Release|Any CPU
		{F3ECB48F-3FD6-406C-903E-DE0F6B95BA75}.Release|x86.Build.0 = Release|Any CPU
		{5B65DCFE-00B7-4398-A270-7F7BEC300E90}.Debug|Any CPU.ActiveCfg = Debug|Any CPU
		{5B65DCFE-00B7-4398-A270-7F7BEC300E90}.Debug|Any CPU.Build.0 = Debug|Any CPU
		{5B65DCFE-00B7-4398-A270-7F7BEC300E90}.Debug|x64.ActiveCfg = Debug|Any CPU
		{5B65DCFE-00B7-4398-A270-7F7BEC300E90}.Debug|x64.Build.0 = Debug|Any CPU
		{5B65DCFE-00B7-4398-A270-7F7BEC300E90}.Debug|x86.ActiveCfg = Debug|Any CPU
		{5B65DCFE-00B7-4398-A270-7F7BEC300E90}.Debug|x86.Build.0 = Debug|Any CPU
		{5B65DCFE-00B7-4398-A270-7F7BEC300E90}.Release|Any CPU.ActiveCfg = Release|Any CPU
		{5B65DCFE-00B7-4398-A270-7F7BEC300E90}.Release|Any CPU.Build.0 = Release|Any CPU
		{5B65DCFE-00B7-4398-A270-7F7BEC300E90}.Release|x64.ActiveCfg = Release|Any CPU
		{5B65DCFE-00B7-4398-A270-7F7BEC300E90}.Release|x64.Build.0 = Release|Any CPU
		{5B65DCFE-00B7-4398-A270-7F7BEC300E90}.Release|x86.ActiveCfg = Release|Any CPU
		{5B65DCFE-00B7-4398-A270-7F7BEC300E90}.Release|x86.Build.0 = Release|Any CPU
		{F21ECDFD-4B7E-4DB7-80F2-F7E91E9E5275}.Debug|Any CPU.ActiveCfg = Debug|Any CPU
		{F21ECDFD-4B7E-4DB7-80F2-F7E91E9E5275}.Debug|Any CPU.Build.0 = Debug|Any CPU
		{F21ECDFD-4B7E-4DB7-80F2-F7E91E9E5275}.Debug|x64.ActiveCfg = Debug|Any CPU
		{F21ECDFD-4B7E-4DB7-80F2-F7E91E9E5275}.Debug|x64.Build.0 = Debug|Any CPU
		{F21ECDFD-4B7E-4DB7-80F2-F7E91E9E5275}.Debug|x86.ActiveCfg = Debug|Any CPU
		{F21ECDFD-4B7E-4DB7-80F2-F7E91E9E5275}.Debug|x86.Build.0 = Debug|Any CPU
		{F21ECDFD-4B7E-4DB7-80F2-F7E91E9E5275}.Release|Any CPU.ActiveCfg = Release|Any CPU
		{F21ECDFD-4B7E-4DB7-80F2-F7E91E9E5275}.Release|Any CPU.Build.0 = Release|Any CPU
		{F21ECDFD-4B7E-4DB7-80F2-F7E91E9E5275}.Release|x64.ActiveCfg = Release|Any CPU
		{F21ECDFD-4B7E-4DB7-80F2-F7E91E9E5275}.Release|x64.Build.0 = Release|Any CPU
		{F21ECDFD-4B7E-4DB7-80F2-F7E91E9E5275}.Release|x86.ActiveCfg = Release|Any CPU
		{F21ECDFD-4B7E-4DB7-80F2-F7E91E9E5275}.Release|x86.Build.0 = Release|Any CPU
		{6F05D489-231B-4E39-80B9-44ECDD37FCE5}.Debug|Any CPU.ActiveCfg = Debug|Any CPU
		{6F05D489-231B-4E39-80B9-44ECDD37FCE5}.Debug|Any CPU.Build.0 = Debug|Any CPU
		{6F05D489-231B-4E39-80B9-44ECDD37FCE5}.Debug|x64.ActiveCfg = Debug|Any CPU
		{6F05D489-231B-4E39-80B9-44ECDD37FCE5}.Debug|x64.Build.0 = Debug|Any CPU
		{6F05D489-231B-4E39-80B9-44ECDD37FCE5}.Debug|x86.ActiveCfg = Debug|Any CPU
		{6F05D489-231B-4E39-80B9-44ECDD37FCE5}.Debug|x86.Build.0 = Debug|Any CPU
		{6F05D489-231B-4E39-80B9-44ECDD37FCE5}.Release|Any CPU.ActiveCfg = Release|Any CPU
		{6F05D489-231B-4E39-80B9-44ECDD37FCE5}.Release|Any CPU.Build.0 = Release|Any CPU
		{6F05D489-231B-4E39-80B9-44ECDD37FCE5}.Release|x64.ActiveCfg = Release|Any CPU
		{6F05D489-231B-4E39-80B9-44ECDD37FCE5}.Release|x64.Build.0 = Release|Any CPU
		{6F05D489-231B-4E39-80B9-44ECDD37FCE5}.Release|x86.ActiveCfg = Release|Any CPU
		{6F05D489-231B-4E39-80B9-44ECDD37FCE5}.Release|x86.Build.0 = Release|Any CPU
		{D5BB3F43-F7FC-409E-BEB8-23F0A8670B14}.Debug|Any CPU.ActiveCfg = Debug|Any CPU
		{D5BB3F43-F7FC-409E-BEB8-23F0A8670B14}.Debug|Any CPU.Build.0 = Debug|Any CPU
		{D5BB3F43-F7FC-409E-BEB8-23F0A8670B14}.Debug|x64.ActiveCfg = Debug|Any CPU
		{D5BB3F43-F7FC-409E-BEB8-23F0A8670B14}.Debug|x64.Build.0 = Debug|Any CPU
		{D5BB3F43-F7FC-409E-BEB8-23F0A8670B14}.Debug|x86.ActiveCfg = Debug|Any CPU
		{D5BB3F43-F7FC-409E-BEB8-23F0A8670B14}.Debug|x86.Build.0 = Debug|Any CPU
		{D5BB3F43-F7FC-409E-BEB8-23F0A8670B14}.Release|Any CPU.ActiveCfg = Release|Any CPU
		{D5BB3F43-F7FC-409E-BEB8-23F0A8670B14}.Release|Any CPU.Build.0 = Release|Any CPU
		{D5BB3F43-F7FC-409E-BEB8-23F0A8670B14}.Release|x64.ActiveCfg = Release|Any CPU
		{D5BB3F43-F7FC-409E-BEB8-23F0A8670B14}.Release|x64.Build.0 = Release|Any CPU
		{D5BB3F43-F7FC-409E-BEB8-23F0A8670B14}.Release|x86.ActiveCfg = Release|Any CPU
		{D5BB3F43-F7FC-409E-BEB8-23F0A8670B14}.Release|x86.Build.0 = Release|Any CPU
		{850DEE8A-475F-480F-B3AC-348CFAA41971}.Debug|Any CPU.ActiveCfg = Debug|Any CPU
		{850DEE8A-475F-480F-B3AC-348CFAA41971}.Debug|Any CPU.Build.0 = Debug|Any CPU
		{850DEE8A-475F-480F-B3AC-348CFAA41971}.Debug|x64.ActiveCfg = Debug|Any CPU
		{850DEE8A-475F-480F-B3AC-348CFAA41971}.Debug|x64.Build.0 = Debug|Any CPU
		{850DEE8A-475F-480F-B3AC-348CFAA41971}.Debug|x86.ActiveCfg = Debug|Any CPU
		{850DEE8A-475F-480F-B3AC-348CFAA41971}.Debug|x86.Build.0 = Debug|Any CPU
		{850DEE8A-475F-480F-B3AC-348CFAA41971}.Release|Any CPU.ActiveCfg = Release|Any CPU
		{850DEE8A-475F-480F-B3AC-348CFAA41971}.Release|Any CPU.Build.0 = Release|Any CPU
		{850DEE8A-475F-480F-B3AC-348CFAA41971}.Release|x64.ActiveCfg = Release|Any CPU
		{850DEE8A-475F-480F-B3AC-348CFAA41971}.Release|x64.Build.0 = Release|Any CPU
		{850DEE8A-475F-480F-B3AC-348CFAA41971}.Release|x86.ActiveCfg = Release|Any CPU
		{850DEE8A-475F-480F-B3AC-348CFAA41971}.Release|x86.Build.0 = Release|Any CPU
		{065F3865-41D6-44CF-BD01-5519764BC8B0}.Debug|Any CPU.ActiveCfg = Debug|Any CPU
		{065F3865-41D6-44CF-BD01-5519764BC8B0}.Debug|Any CPU.Build.0 = Debug|Any CPU
		{065F3865-41D6-44CF-BD01-5519764BC8B0}.Debug|x64.ActiveCfg = Debug|Any CPU
		{065F3865-41D6-44CF-BD01-5519764BC8B0}.Debug|x64.Build.0 = Debug|Any CPU
		{065F3865-41D6-44CF-BD01-5519764BC8B0}.Debug|x86.ActiveCfg = Debug|Any CPU
		{065F3865-41D6-44CF-BD01-5519764BC8B0}.Debug|x86.Build.0 = Debug|Any CPU
		{065F3865-41D6-44CF-BD01-5519764BC8B0}.Release|Any CPU.ActiveCfg = Release|Any CPU
		{065F3865-41D6-44CF-BD01-5519764BC8B0}.Release|Any CPU.Build.0 = Release|Any CPU
		{065F3865-41D6-44CF-BD01-5519764BC8B0}.Release|x64.ActiveCfg = Release|Any CPU
		{065F3865-41D6-44CF-BD01-5519764BC8B0}.Release|x64.Build.0 = Release|Any CPU
		{065F3865-41D6-44CF-BD01-5519764BC8B0}.Release|x86.ActiveCfg = Release|Any CPU
		{065F3865-41D6-44CF-BD01-5519764BC8B0}.Release|x86.Build.0 = Release|Any CPU
		{1EE46A5D-C12C-4C5F-BC09-4734CC53188E}.Debug|Any CPU.ActiveCfg = Debug|Any CPU
		{1EE46A5D-C12C-4C5F-BC09-4734CC53188E}.Debug|Any CPU.Build.0 = Debug|Any CPU
		{1EE46A5D-C12C-4C5F-BC09-4734CC53188E}.Debug|x64.ActiveCfg = Debug|Any CPU
		{1EE46A5D-C12C-4C5F-BC09-4734CC53188E}.Debug|x64.Build.0 = Debug|Any CPU
		{1EE46A5D-C12C-4C5F-BC09-4734CC53188E}.Debug|x86.ActiveCfg = Debug|Any CPU
		{1EE46A5D-C12C-4C5F-BC09-4734CC53188E}.Debug|x86.Build.0 = Debug|Any CPU
		{1EE46A5D-C12C-4C5F-BC09-4734CC53188E}.Release|Any CPU.ActiveCfg = Release|Any CPU
		{1EE46A5D-C12C-4C5F-BC09-4734CC53188E}.Release|Any CPU.Build.0 = Release|Any CPU
		{1EE46A5D-C12C-4C5F-BC09-4734CC53188E}.Release|x64.ActiveCfg = Release|Any CPU
		{1EE46A5D-C12C-4C5F-BC09-4734CC53188E}.Release|x64.Build.0 = Release|Any CPU
		{1EE46A5D-C12C-4C5F-BC09-4734CC53188E}.Release|x86.ActiveCfg = Release|Any CPU
		{1EE46A5D-C12C-4C5F-BC09-4734CC53188E}.Release|x86.Build.0 = Release|Any CPU
		{E0F4C69E-0B79-4086-AF42-526C3A90F922}.Debug|Any CPU.ActiveCfg = Debug|Any CPU
		{E0F4C69E-0B79-4086-AF42-526C3A90F922}.Debug|Any CPU.Build.0 = Debug|Any CPU
		{E0F4C69E-0B79-4086-AF42-526C3A90F922}.Debug|x64.ActiveCfg = Debug|Any CPU
		{E0F4C69E-0B79-4086-AF42-526C3A90F922}.Debug|x64.Build.0 = Debug|Any CPU
		{E0F4C69E-0B79-4086-AF42-526C3A90F922}.Debug|x86.ActiveCfg = Debug|Any CPU
		{E0F4C69E-0B79-4086-AF42-526C3A90F922}.Debug|x86.Build.0 = Debug|Any CPU
		{E0F4C69E-0B79-4086-AF42-526C3A90F922}.Release|Any CPU.ActiveCfg = Release|Any CPU
		{E0F4C69E-0B79-4086-AF42-526C3A90F922}.Release|Any CPU.Build.0 = Release|Any CPU
		{E0F4C69E-0B79-4086-AF42-526C3A90F922}.Release|x64.ActiveCfg = Release|Any CPU
		{E0F4C69E-0B79-4086-AF42-526C3A90F922}.Release|x64.Build.0 = Release|Any CPU
		{E0F4C69E-0B79-4086-AF42-526C3A90F922}.Release|x86.ActiveCfg = Release|Any CPU
		{E0F4C69E-0B79-4086-AF42-526C3A90F922}.Release|x86.Build.0 = Release|Any CPU
		{6D555154-4D17-41C6-A58D-7221F716EE11}.Debug|Any CPU.ActiveCfg = Debug|Any CPU
		{6D555154-4D17-41C6-A58D-7221F716EE11}.Debug|Any CPU.Build.0 = Debug|Any CPU
		{6D555154-4D17-41C6-A58D-7221F716EE11}.Debug|x64.ActiveCfg = Debug|Any CPU
		{6D555154-4D17-41C6-A58D-7221F716EE11}.Debug|x64.Build.0 = Debug|Any CPU
		{6D555154-4D17-41C6-A58D-7221F716EE11}.Debug|x86.ActiveCfg = Debug|Any CPU
		{6D555154-4D17-41C6-A58D-7221F716EE11}.Debug|x86.Build.0 = Debug|Any CPU
		{6D555154-4D17-41C6-A58D-7221F716EE11}.Release|Any CPU.ActiveCfg = Release|Any CPU
		{6D555154-4D17-41C6-A58D-7221F716EE11}.Release|Any CPU.Build.0 = Release|Any CPU
		{6D555154-4D17-41C6-A58D-7221F716EE11}.Release|x64.ActiveCfg = Release|Any CPU
		{6D555154-4D17-41C6-A58D-7221F716EE11}.Release|x64.Build.0 = Release|Any CPU
		{6D555154-4D17-41C6-A58D-7221F716EE11}.Release|x86.ActiveCfg = Release|Any CPU
		{6D555154-4D17-41C6-A58D-7221F716EE11}.Release|x86.Build.0 = Release|Any CPU
		{245156CC-3CCF-414E-938C-A7E0DCA095AE}.Debug|Any CPU.ActiveCfg = Debug|Any CPU
		{245156CC-3CCF-414E-938C-A7E0DCA095AE}.Debug|Any CPU.Build.0 = Debug|Any CPU
		{245156CC-3CCF-414E-938C-A7E0DCA095AE}.Debug|x64.ActiveCfg = Debug|Any CPU
		{245156CC-3CCF-414E-938C-A7E0DCA095AE}.Debug|x64.Build.0 = Debug|Any CPU
		{245156CC-3CCF-414E-938C-A7E0DCA095AE}.Debug|x86.ActiveCfg = Debug|Any CPU
		{245156CC-3CCF-414E-938C-A7E0DCA095AE}.Debug|x86.Build.0 = Debug|Any CPU
		{245156CC-3CCF-414E-938C-A7E0DCA095AE}.Release|Any CPU.ActiveCfg = Release|Any CPU
		{245156CC-3CCF-414E-938C-A7E0DCA095AE}.Release|Any CPU.Build.0 = Release|Any CPU
		{245156CC-3CCF-414E-938C-A7E0DCA095AE}.Release|x64.ActiveCfg = Release|Any CPU
		{245156CC-3CCF-414E-938C-A7E0DCA095AE}.Release|x64.Build.0 = Release|Any CPU
		{245156CC-3CCF-414E-938C-A7E0DCA095AE}.Release|x86.ActiveCfg = Release|Any CPU
		{245156CC-3CCF-414E-938C-A7E0DCA095AE}.Release|x86.Build.0 = Release|Any CPU
		{77B2E8B3-2E14-42D0-9FCB-3C1A194A0D7E}.Debug|Any CPU.ActiveCfg = Debug|Any CPU
		{77B2E8B3-2E14-42D0-9FCB-3C1A194A0D7E}.Debug|Any CPU.Build.0 = Debug|Any CPU
		{77B2E8B3-2E14-42D0-9FCB-3C1A194A0D7E}.Debug|x64.ActiveCfg = Debug|Any CPU
		{77B2E8B3-2E14-42D0-9FCB-3C1A194A0D7E}.Debug|x64.Build.0 = Debug|Any CPU
		{77B2E8B3-2E14-42D0-9FCB-3C1A194A0D7E}.Debug|x86.ActiveCfg = Debug|Any CPU
		{77B2E8B3-2E14-42D0-9FCB-3C1A194A0D7E}.Debug|x86.Build.0 = Debug|Any CPU
		{77B2E8B3-2E14-42D0-9FCB-3C1A194A0D7E}.Release|Any CPU.ActiveCfg = Release|Any CPU
		{77B2E8B3-2E14-42D0-9FCB-3C1A194A0D7E}.Release|Any CPU.Build.0 = Release|Any CPU
		{77B2E8B3-2E14-42D0-9FCB-3C1A194A0D7E}.Release|x64.ActiveCfg = Release|Any CPU
		{77B2E8B3-2E14-42D0-9FCB-3C1A194A0D7E}.Release|x64.Build.0 = Release|Any CPU
		{77B2E8B3-2E14-42D0-9FCB-3C1A194A0D7E}.Release|x86.ActiveCfg = Release|Any CPU
		{77B2E8B3-2E14-42D0-9FCB-3C1A194A0D7E}.Release|x86.Build.0 = Release|Any CPU
		{FA83FA56-4391-4443-AC6F-B3CB608D7A27}.Debug|Any CPU.ActiveCfg = Debug|Any CPU
		{FA83FA56-4391-4443-AC6F-B3CB608D7A27}.Debug|Any CPU.Build.0 = Debug|Any CPU
		{FA83FA56-4391-4443-AC6F-B3CB608D7A27}.Debug|x64.ActiveCfg = Debug|Any CPU
		{FA83FA56-4391-4443-AC6F-B3CB608D7A27}.Debug|x64.Build.0 = Debug|Any CPU
		{FA83FA56-4391-4443-AC6F-B3CB608D7A27}.Debug|x86.ActiveCfg = Debug|Any CPU
		{FA83FA56-4391-4443-AC6F-B3CB608D7A27}.Debug|x86.Build.0 = Debug|Any CPU
		{FA83FA56-4391-4443-AC6F-B3CB608D7A27}.Release|Any CPU.ActiveCfg = Release|Any CPU
		{FA83FA56-4391-4443-AC6F-B3CB608D7A27}.Release|Any CPU.Build.0 = Release|Any CPU
		{FA83FA56-4391-4443-AC6F-B3CB608D7A27}.Release|x64.ActiveCfg = Release|Any CPU
		{FA83FA56-4391-4443-AC6F-B3CB608D7A27}.Release|x64.Build.0 = Release|Any CPU
		{FA83FA56-4391-4443-AC6F-B3CB608D7A27}.Release|x86.ActiveCfg = Release|Any CPU
		{FA83FA56-4391-4443-AC6F-B3CB608D7A27}.Release|x86.Build.0 = Release|Any CPU
		{9409CE54-C838-4827-B2F9-DBEB738F7B8B}.Debug|Any CPU.ActiveCfg = Debug|Any CPU
		{9409CE54-C838-4827-B2F9-DBEB738F7B8B}.Debug|Any CPU.Build.0 = Debug|Any CPU
		{9409CE54-C838-4827-B2F9-DBEB738F7B8B}.Debug|x64.ActiveCfg = Debug|Any CPU
		{9409CE54-C838-4827-B2F9-DBEB738F7B8B}.Debug|x64.Build.0 = Debug|Any CPU
		{9409CE54-C838-4827-B2F9-DBEB738F7B8B}.Debug|x86.ActiveCfg = Debug|Any CPU
		{9409CE54-C838-4827-B2F9-DBEB738F7B8B}.Debug|x86.Build.0 = Debug|Any CPU
		{9409CE54-C838-4827-B2F9-DBEB738F7B8B}.Release|Any CPU.ActiveCfg = Release|Any CPU
		{9409CE54-C838-4827-B2F9-DBEB738F7B8B}.Release|Any CPU.Build.0 = Release|Any CPU
		{9409CE54-C838-4827-B2F9-DBEB738F7B8B}.Release|x64.ActiveCfg = Release|Any CPU
		{9409CE54-C838-4827-B2F9-DBEB738F7B8B}.Release|x64.Build.0 = Release|Any CPU
		{9409CE54-C838-4827-B2F9-DBEB738F7B8B}.Release|x86.ActiveCfg = Release|Any CPU
		{9409CE54-C838-4827-B2F9-DBEB738F7B8B}.Release|x86.Build.0 = Release|Any CPU
		{5EAA3137-FA4F-4B29-A77D-2CD31C218D7F}.Debug|Any CPU.ActiveCfg = Debug|Any CPU
		{5EAA3137-FA4F-4B29-A77D-2CD31C218D7F}.Debug|Any CPU.Build.0 = Debug|Any CPU
		{5EAA3137-FA4F-4B29-A77D-2CD31C218D7F}.Debug|x64.ActiveCfg = Debug|Any CPU
		{5EAA3137-FA4F-4B29-A77D-2CD31C218D7F}.Debug|x64.Build.0 = Debug|Any CPU
		{5EAA3137-FA4F-4B29-A77D-2CD31C218D7F}.Debug|x86.ActiveCfg = Debug|Any CPU
		{5EAA3137-FA4F-4B29-A77D-2CD31C218D7F}.Debug|x86.Build.0 = Debug|Any CPU
		{5EAA3137-FA4F-4B29-A77D-2CD31C218D7F}.Release|Any CPU.ActiveCfg = Release|Any CPU
		{5EAA3137-FA4F-4B29-A77D-2CD31C218D7F}.Release|Any CPU.Build.0 = Release|Any CPU
		{5EAA3137-FA4F-4B29-A77D-2CD31C218D7F}.Release|x64.ActiveCfg = Release|Any CPU
		{5EAA3137-FA4F-4B29-A77D-2CD31C218D7F}.Release|x64.Build.0 = Release|Any CPU
		{5EAA3137-FA4F-4B29-A77D-2CD31C218D7F}.Release|x86.ActiveCfg = Release|Any CPU
		{5EAA3137-FA4F-4B29-A77D-2CD31C218D7F}.Release|x86.Build.0 = Release|Any CPU
		{16C499AE-0512-4E36-9333-FED8A15476B1}.Debug|Any CPU.ActiveCfg = Debug|Any CPU
		{16C499AE-0512-4E36-9333-FED8A15476B1}.Debug|Any CPU.Build.0 = Debug|Any CPU
		{16C499AE-0512-4E36-9333-FED8A15476B1}.Debug|x64.ActiveCfg = Debug|Any CPU
		{16C499AE-0512-4E36-9333-FED8A15476B1}.Debug|x64.Build.0 = Debug|Any CPU
		{16C499AE-0512-4E36-9333-FED8A15476B1}.Debug|x86.ActiveCfg = Debug|Any CPU
		{16C499AE-0512-4E36-9333-FED8A15476B1}.Debug|x86.Build.0 = Debug|Any CPU
		{16C499AE-0512-4E36-9333-FED8A15476B1}.Release|Any CPU.ActiveCfg = Release|Any CPU
		{16C499AE-0512-4E36-9333-FED8A15476B1}.Release|Any CPU.Build.0 = Release|Any CPU
		{16C499AE-0512-4E36-9333-FED8A15476B1}.Release|x64.ActiveCfg = Release|Any CPU
		{16C499AE-0512-4E36-9333-FED8A15476B1}.Release|x64.Build.0 = Release|Any CPU
		{16C499AE-0512-4E36-9333-FED8A15476B1}.Release|x86.ActiveCfg = Release|Any CPU
		{16C499AE-0512-4E36-9333-FED8A15476B1}.Release|x86.Build.0 = Release|Any CPU
		{23DE429E-FA2F-439E-B5FB-A8CCCD26EB23}.Debug|Any CPU.ActiveCfg = Debug|Any CPU
		{23DE429E-FA2F-439E-B5FB-A8CCCD26EB23}.Debug|Any CPU.Build.0 = Debug|Any CPU
		{23DE429E-FA2F-439E-B5FB-A8CCCD26EB23}.Debug|x64.ActiveCfg = Debug|Any CPU
		{23DE429E-FA2F-439E-B5FB-A8CCCD26EB23}.Debug|x64.Build.0 = Debug|Any CPU
		{23DE429E-FA2F-439E-B5FB-A8CCCD26EB23}.Debug|x86.ActiveCfg = Debug|Any CPU
		{23DE429E-FA2F-439E-B5FB-A8CCCD26EB23}.Debug|x86.Build.0 = Debug|Any CPU
		{23DE429E-FA2F-439E-B5FB-A8CCCD26EB23}.Release|Any CPU.ActiveCfg = Release|Any CPU
		{23DE429E-FA2F-439E-B5FB-A8CCCD26EB23}.Release|Any CPU.Build.0 = Release|Any CPU
		{23DE429E-FA2F-439E-B5FB-A8CCCD26EB23}.Release|x64.ActiveCfg = Release|Any CPU
		{23DE429E-FA2F-439E-B5FB-A8CCCD26EB23}.Release|x64.Build.0 = Release|Any CPU
		{23DE429E-FA2F-439E-B5FB-A8CCCD26EB23}.Release|x86.ActiveCfg = Release|Any CPU
		{23DE429E-FA2F-439E-B5FB-A8CCCD26EB23}.Release|x86.Build.0 = Release|Any CPU
		{32AF6C91-47FC-459C-A0EA-ED9BBAFA2B6C}.Debug|Any CPU.ActiveCfg = Debug|Any CPU
		{32AF6C91-47FC-459C-A0EA-ED9BBAFA2B6C}.Debug|Any CPU.Build.0 = Debug|Any CPU
		{32AF6C91-47FC-459C-A0EA-ED9BBAFA2B6C}.Debug|x64.ActiveCfg = Debug|Any CPU
		{32AF6C91-47FC-459C-A0EA-ED9BBAFA2B6C}.Debug|x64.Build.0 = Debug|Any CPU
		{32AF6C91-47FC-459C-A0EA-ED9BBAFA2B6C}.Debug|x86.ActiveCfg = Debug|Any CPU
		{32AF6C91-47FC-459C-A0EA-ED9BBAFA2B6C}.Debug|x86.Build.0 = Debug|Any CPU
		{32AF6C91-47FC-459C-A0EA-ED9BBAFA2B6C}.Release|Any CPU.ActiveCfg = Release|Any CPU
		{32AF6C91-47FC-459C-A0EA-ED9BBAFA2B6C}.Release|Any CPU.Build.0 = Release|Any CPU
		{32AF6C91-47FC-459C-A0EA-ED9BBAFA2B6C}.Release|x64.ActiveCfg = Release|Any CPU
		{32AF6C91-47FC-459C-A0EA-ED9BBAFA2B6C}.Release|x64.Build.0 = Release|Any CPU
		{32AF6C91-47FC-459C-A0EA-ED9BBAFA2B6C}.Release|x86.ActiveCfg = Release|Any CPU
		{32AF6C91-47FC-459C-A0EA-ED9BBAFA2B6C}.Release|x86.Build.0 = Release|Any CPU
		{43C6C64F-0044-4341-9719-7F2EED337284}.Debug|Any CPU.ActiveCfg = Debug|Any CPU
		{43C6C64F-0044-4341-9719-7F2EED337284}.Debug|Any CPU.Build.0 = Debug|Any CPU
		{43C6C64F-0044-4341-9719-7F2EED337284}.Debug|x64.ActiveCfg = Debug|Any CPU
		{43C6C64F-0044-4341-9719-7F2EED337284}.Debug|x64.Build.0 = Debug|Any CPU
		{43C6C64F-0044-4341-9719-7F2EED337284}.Debug|x86.ActiveCfg = Debug|Any CPU
		{43C6C64F-0044-4341-9719-7F2EED337284}.Debug|x86.Build.0 = Debug|Any CPU
		{43C6C64F-0044-4341-9719-7F2EED337284}.Release|Any CPU.ActiveCfg = Release|Any CPU
		{43C6C64F-0044-4341-9719-7F2EED337284}.Release|Any CPU.Build.0 = Release|Any CPU
		{43C6C64F-0044-4341-9719-7F2EED337284}.Release|x64.ActiveCfg = Release|Any CPU
		{43C6C64F-0044-4341-9719-7F2EED337284}.Release|x64.Build.0 = Release|Any CPU
		{43C6C64F-0044-4341-9719-7F2EED337284}.Release|x86.ActiveCfg = Release|Any CPU
		{43C6C64F-0044-4341-9719-7F2EED337284}.Release|x86.Build.0 = Release|Any CPU
		{C2F7154A-8897-4DA7-8B7A-42932EA681F8}.Debug|Any CPU.ActiveCfg = Debug|Any CPU
		{C2F7154A-8897-4DA7-8B7A-42932EA681F8}.Debug|Any CPU.Build.0 = Debug|Any CPU
		{C2F7154A-8897-4DA7-8B7A-42932EA681F8}.Debug|x64.ActiveCfg = Debug|Any CPU
		{C2F7154A-8897-4DA7-8B7A-42932EA681F8}.Debug|x64.Build.0 = Debug|Any CPU
		{C2F7154A-8897-4DA7-8B7A-42932EA681F8}.Debug|x86.ActiveCfg = Debug|Any CPU
		{C2F7154A-8897-4DA7-8B7A-42932EA681F8}.Debug|x86.Build.0 = Debug|Any CPU
		{C2F7154A-8897-4DA7-8B7A-42932EA681F8}.Release|Any CPU.ActiveCfg = Release|Any CPU
		{C2F7154A-8897-4DA7-8B7A-42932EA681F8}.Release|Any CPU.Build.0 = Release|Any CPU
		{C2F7154A-8897-4DA7-8B7A-42932EA681F8}.Release|x64.ActiveCfg = Release|Any CPU
		{C2F7154A-8897-4DA7-8B7A-42932EA681F8}.Release|x64.Build.0 = Release|Any CPU
		{C2F7154A-8897-4DA7-8B7A-42932EA681F8}.Release|x86.ActiveCfg = Release|Any CPU
		{C2F7154A-8897-4DA7-8B7A-42932EA681F8}.Release|x86.Build.0 = Release|Any CPU
	EndGlobalSection
	GlobalSection(SolutionProperties) = preSolution
		HideSolutionNode = FALSE
	EndGlobalSection
	GlobalSection(NestedProjects) = preSolution
		{49DD2C54-24BC-482E-8911-9E00092D4C73} = {FBF56CC3-7AE6-AD2D-3F14-7F97FD322CD6}
		{5F5FC3BB-8B26-4872-8666-143860563EC1} = {FBF56CC3-7AE6-AD2D-3F14-7F97FD322CD6}
		{0491E8A4-0FD5-424D-848A-B5D51408DAD0} = {FBF56CC3-7AE6-AD2D-3F14-7F97FD322CD6}
		{C570A311-F100-498C-8A4C-7B5340A1A333} = {FBF56CC3-7AE6-AD2D-3F14-7F97FD322CD6}
		{A1C25D6C-7468-44E9-B18C-CBAFEE79AB55} = {FBF56CC3-7AE6-AD2D-3F14-7F97FD322CD6}
		{E2F82DC6-B1C7-43FB-9829-DD1F31BCDC9B} = {FBF56CC3-7AE6-AD2D-3F14-7F97FD322CD6}
		{2C5C1E0C-8522-4F10-9785-94D274D4D530} = {FBF56CC3-7AE6-AD2D-3F14-7F97FD322CD6}
		{33E9035F-6928-474E-AD5A-3089AAF75A6F} = {FBF56CC3-7AE6-AD2D-3F14-7F97FD322CD6}
		{A6C45917-8DD6-4C66-81C9-C75DB5450342} = {B0996F39-FFF0-BAE3-2C76-1D4AE77C7BAA}
		{FABD1330-45D6-4FFE-8C5E-5447C17AB8A7} = {0ACD37A2-5DF0-8AEB-D5B0-21B3A2775CAB}
		{AA70CC4C-5418-4874-9892-9D298FD03914} = {0ACD37A2-5DF0-8AEB-D5B0-21B3A2775CAB}
		{4C347A9B-59BF-43F1-90A1-352C0C58DAC5} = {0ACD37A2-5DF0-8AEB-D5B0-21B3A2775CAB}
		{8B56D228-17C0-49A5-A831-870EDED4F5E1} = {0ACD37A2-5DF0-8AEB-D5B0-21B3A2775CAB}
		{F3ECB48F-3FD6-406C-903E-DE0F6B95BA75} = {0ACD37A2-5DF0-8AEB-D5B0-21B3A2775CAB}
		{5B65DCFE-00B7-4398-A270-7F7BEC300E90} = {0ACD37A2-5DF0-8AEB-D5B0-21B3A2775CAB}
		{F21ECDFD-4B7E-4DB7-80F2-F7E91E9E5275} = {0ACD37A2-5DF0-8AEB-D5B0-21B3A2775CAB}
		{6F05D489-231B-4E39-80B9-44ECDD37FCE5} = {0ACD37A2-5DF0-8AEB-D5B0-21B3A2775CAB}
		{D5BB3F43-F7FC-409E-BEB8-23F0A8670B14} = {A0596E84-2522-6F31-0F43-77167BFA80D0}
		{850DEE8A-475F-480F-B3AC-348CFAA41971} = {A0596E84-2522-6F31-0F43-77167BFA80D0}
		{065F3865-41D6-44CF-BD01-5519764BC8B0} = {A0596E84-2522-6F31-0F43-77167BFA80D0}
		{1EE46A5D-C12C-4C5F-BC09-4734CC53188E} = {A0596E84-2522-6F31-0F43-77167BFA80D0}
		{E0F4C69E-0B79-4086-AF42-526C3A90F922} = {A0596E84-2522-6F31-0F43-77167BFA80D0}
		{6D555154-4D17-41C6-A58D-7221F716EE11} = {A0596E84-2522-6F31-0F43-77167BFA80D0}
		{245156CC-3CCF-414E-938C-A7E0DCA095AE} = {A0596E84-2522-6F31-0F43-77167BFA80D0}
		{77B2E8B3-2E14-42D0-9FCB-3C1A194A0D7E} = {A0596E84-2522-6F31-0F43-77167BFA80D0}
		{FA83FA56-4391-4443-AC6F-B3CB608D7A27} = {A0596E84-2522-6F31-0F43-77167BFA80D0}
		{9409CE54-C838-4827-B2F9-DBEB738F7B8B} = {C90F6EDE-2A0B-00BD-1BBA-6A60B5D53AFE}
		{5EAA3137-FA4F-4B29-A77D-2CD31C218D7F} = {4AB141FB-BD8F-6214-233C-076893131197}
		{16C499AE-0512-4E36-9333-FED8A15476B1} = {EC5FB17F-0D88-F340-4CE5-0D559A6DFF9C}
		{23DE429E-FA2F-439E-B5FB-A8CCCD26EB23} = {F6EE535E-C2C8-3085-0E1D-506595A2B989}
		{32AF6C91-47FC-459C-A0EA-ED9BBAFA2B6C} = {6396DD8B-E9E5-FBDE-ADC8-0EA7112A141A}
		{43C6C64F-0044-4341-9719-7F2EED337284} = {ABDCA76E-9A56-94C8-CB8E-2243BAFEC3F8}
		{C2F7154A-8897-4DA7-8B7A-42932EA681F8} = {A39C23D2-F2C0-258D-165A-CF1E7FEE6E7B}
	EndGlobalSection
EndGlobal
